<?xml version="1.0" encoding="UTF-8" standalone="yes" ?>
<CodeBlocks_project_file>
	<FileVersion major="1" minor="6" />
	<Project>
		<Option title="OstrichRiders" />
		<Option pch_mode="2" />
		<Option compiler="gcc" />
		<Build>
			<Target title="Debug">
				<Option output="bin/Debug/OstrichRiders" prefix_auto="1" extension_auto="1" />
				<Option object_output="obj/Debug/" />
				<Option type="1" />
				<Option compiler="gcc" />
				<Option parameters="-ldata" />
				<Compiler>
					<Add option="-g" />
				</Compiler>
				<Linker>
					<Add option="-lsfml-audio" />
					<Add option="-lsfml-graphics" />
					<Add option="-lsfml-window" />
					<Add option="-lsfml-system" />
				</Linker>
			</Target>
			<Target title="Release">
				<Option output="bin/Release/OstrichRiders" prefix_auto="1" extension_auto="1" />
				<Option object_output="obj/Release/" />
				<Option type="0" />
				<Option compiler="gcc" />
				<Option parameters="-ldata" />
				<Compiler>
					<Add option="-O2" />
				</Compiler>
				<Linker>
					<Add option="-s" />
					<Add option="-lsfml-audio" />
					<Add option="-lsfml-graphics" />
					<Add option="-lsfml-window" />
					<Add option="-lsfml-system" />
				</Linker>
			</Target>
			<Target title="Windows">
				<Option output="bin/Windows/OstrichRiders" prefix_auto="1" extension_auto="1" />
				<Option object_output="obj/Windows/" />
				<Option type="0" />
				<Option compiler="gcc" />
				<Option parameters="-ldata" />
				<Linker>
					<Add option="-lsfml-audio-s" />
					<Add option="-lsfml-graphics-s" />
					<Add option="-lsfml-window-s" />
					<Add option="-lsfml-system-s" />
				</Linker>
			</Target>
		</Build>
		<Compiler>
			<Add option="-Wall" />
			<Add option="-fexceptions" />
		</Compiler>
		<Unit filename="src/defaultfont.cpp" />
		<Unit filename="src/defaultfont.h" />
		<Unit filename="src/joust/BotEntity.cpp" />
		<Unit filename="src/joust/BotEntity.h" />
		<Unit filename="src/joust/BurningJousterEntity.cpp" />
		<Unit filename="src/joust/BurningJousterEntity.h" />
		<Unit filename="src/joust/Constants.h" />
		<Unit filename="src/joust/EggEntity.cpp" />
		<Unit filename="src/joust/EggEntity.h" />
		<Unit filename="src/joust/FallingRiderEntity.cpp" />
		<Unit filename="src/joust/FallingRiderEntity.h" />
		<Unit filename="src/joust/FlyingScoreEntity.cpp" />
		<Unit filename="src/joust/FlyingScoreEntity.h" />
		<Unit filename="src/joust/GameConstants.cpp" />
		<Unit filename="src/joust/GameConstants.h" />
		<Unit filename="src/joust/GateEntity.cpp" />
		<Unit filename="src/joust/GateEntity.h" />
		<Unit filename="src/joust/JoustGame.cpp" />
		<Unit filename="src/joust/JoustGame.h" />
		<Unit filename="src/joust/JoustGameMap.cpp" />
		<Unit filename="src/joust/JoustGameMap.h" />
		<Unit filename="src/joust/JoustTileMapEntity.cpp" />
		<Unit filename="src/joust/JoustTileMapEntity.h" />
		<Unit filename="src/joust/JousterEntity.cpp" />
		<Unit filename="src/joust/JousterEntity.h" />
		<Unit filename="src/joust/Languages.h" />
		<Unit filename="src/joust/LifeEntity.cpp" />
		<Unit filename="src/joust/LifeEntity.h" />
		<Unit filename="src/joust/LogicEngine.cpp" />
		<Unit filename="src/joust/LogicEngine.h" />
		<Unit filename="src/joust/MountEntity.cpp" />
		<Unit filename="src/joust/MountEntity.h" />
		<Unit filename="src/joust/PlayerEntity.cpp" />
		<Unit filename="src/joust/PlayerEntity.h" />
		<Unit filename="src/joust/PlayerInput.cpp" />
		<Unit filename="src/joust/PlayerInput.h" />
		<Unit filename="src/joust/RotatingTextEntity.cpp" />
		<Unit filename="src/joust/RotatingTextEntity.h" />
		<Unit filename="src/joust/SelectorEntity.cpp" />
		<Unit filename="src/joust/SelectorEntity.h" />
		<Unit filename="src/main.cpp" />
		<Unit filename="src/sfmlGame/Entity/CollidingSpriteEntity.cpp" />
		<Unit filename="src/sfmlGame/Entity/CollidingSpriteEntity.h" />
		<Unit filename="src/sfmlGame/Entity/EntityManager.cpp" />
		<Unit filename="src/sfmlGame/Entity/EntityManager.h" />
		<Unit filename="src/sfmlGame/Entity/GameEntity.cpp" />
		<Unit filename="src/sfmlGame/Entity/GameEntity.h" />
		<Unit filename="src/sfmlGame/Entity/GuiEntity.cpp" />
		<Unit filename="src/sfmlGame/Entity/GuiEntity.h" />
		<Unit filename="src/sfmlGame/Entity/MenuEntity.cpp" />
		<Unit filename="src/sfmlGame/Entity/MenuEntity.h" />
		<Unit filename="src/sfmlGame/Entity/ScoresEntity.cpp" />
		<Unit filename="src/sfmlGame/Entity/ScoresEntity.h" />
		<Unit filename="src/sfmlGame/Entity/SpriteEntity.cpp" />
		<Unit filename="src/sfmlGame/Entity/SpriteEntity.h" />
		<Unit filename="src/sfmlGame/Entity/SurfaceEntity.cpp" />
		<Unit filename="src/sfmlGame/Entity/SurfaceEntity.h" />
		<Unit filename="src/sfmlGame/Entity/TextEntity.cpp" />
		<Unit filename="src/sfmlGame/Entity/TextEntity.h" />
		<Unit filename="src/sfmlGame/Entity/TextInputEntity.cpp" />
		<Unit filename="src/sfmlGame/Entity/TextInputEntity.h" />
		<Unit filename="src/sfmlGame/Entity/TileMapEntity.cpp" />
		<Unit filename="src/sfmlGame/Entity/TileMapEntity.h" />
		<Unit filename="src/sfmlGame/Game.cpp" />
		<Unit filename="src/sfmlGame/Game.h" />
		<Unit filename="src/sfmlGame/MediaManagers/ImageManager.cpp" />
		<Unit filename="src/sfmlGame/MediaManagers/ImageManager.h" />
		<Unit filename="src/sfmlGame/MediaManagers/SoundManager.cpp" />
		<Unit filename="src/sfmlGame/MediaManagers/SoundManager.h" />
		<Unit filename="src/sfmlGame/Model/GameMap.cpp" />
		<Unit filename="src/sfmlGame/Model/GameMap.h" />
		<Unit filename="src/sfmlGame/Model/GameScores.cpp" />
		<Unit filename="src/sfmlGame/Model/GameScores.h" />
		<Unit filename="src/sfmlGame/Model/Menu.cpp" />
		<Unit filename="src/sfmlGame/Model/Menu.h" />
		<Unit filename="src/sfmlGame/Model/MenuEntry.cpp" />
		<Unit filename="src/sfmlGame/Model/MenuEntry.h" />
		<Unit filename="src/sfmlGame/MyTools.h" />
		<Extensions>
			<code_completion />
			<debugger />
		</Extensions>
	</Project>
</CodeBlocks_project_file>
